
Microsoft Visual Studio Solution File, Format Version 12.00
# Visual Studio Version 16
VisualStudioVersion = 16.0.30320.27
MinimumVisualStudioVersion = 10.0.40219.1
Project("{F184B08F-C81C-45F6-A57F-5ABD9991F28F}") = "MagniCollegium", "MagniCollegium\MagniCollegium.vbproj", "{38BD054A-5550-4ECC-81DA-4D0A972EF8F9}"
EndProject
Project("{F184B08F-C81C-45F6-A57F-5ABD9991F28F}") = "MagniCollegium.Tests", "MagniCollegium.Tests\MagniCollegium.Tests.vbproj", "{51D5A037-3B3A-436E-9C3E-E9C1EC0B64DA}"
EndProject
Global
	GlobalSection(SolutionConfigurationPlatforms) = preSolution
		Debug|Any CPU = Debug|Any CPU
		Release|Any CPU = Release|Any CPU
	EndGlobalSection
	GlobalSection(ProjectConfigurationPlatforms) = postSolution
		{38BD054A-5550-4ECC-81DA-4D0A972EF8F9}.Debug|Any CPU.ActiveCfg = Debug|Any CPU
		{38BD054A-5550-4ECC-81DA-4D0A972EF8F9}.Debug|Any CPU.Build.0 = Debug|Any CPU
		{38BD054A-5550-4ECC-81DA-4D0A972EF8F9}.Release|Any CPU.ActiveCfg = Release|Any CPU
		{38BD054A-5550-4ECC-81DA-4D0A972EF8F9}.Release|Any CPU.Build.0 = Release|Any CPU
		{51D5A037-3B3A-436E-9C3E-E9C1EC0B64DA}.Debug|Any CPU.ActiveCfg = Debug|Any CPU
		{51D5A037-3B3A-436E-9C3E-E9C1EC0B64DA}.Debug|Any CPU.Build.0 = Debug|Any CPU
		{51D5A037-3B3A-436E-9C3E-E9C1EC0B64DA}.Release|Any CPU.ActiveCfg = Release|Any CPU
		{51D5A037-3B3A-436E-9C3E-E9C1EC0B64DA}.Release|Any CPU.Build.0 = Release|Any CPU
	EndGlobalSection
	GlobalSection(SolutionProperties) = preSolution
		HideSolutionNode = FALSE
	EndGlobalSection
	GlobalSection(ExtensibilityGlobals) = postSolution
		SolutionGuid = {E8828ED2-36B4-4D01-A514-A88A754BFD7D}
	EndGlobalSection
EndGlobal
